
Microsoft Visual Studio Solution File, Format Version 12.00
# Visual Studio Version 16
VisualStudioVersion = 16.0.29509.3
MinimumVisualStudioVersion = 10.0.40219.1
Project("{9A19103F-16F7-4668-BE54-9A1E7A4F7556}") = "MovieRatingSystem", "MovieRatingSystem\MovieRatingSystem.csproj", "{A6F9E8C7-B136-486D-AD71-7F04E7DE5FB6}"
EndProject
Global
	GlobalSection(SolutionConfigurationPlatforms) = preSolution
		Debug|Any CPU = Debug|Any CPU
		Release|Any CPU = Release|Any CPU
	EndGlobalSection
	GlobalSection(ProjectConfigurationPlatforms) = postSolution
		{A6F9E8C7-B136-486D-AD71-7F04E7DE5FB6}.Debug|Any CPU.ActiveCfg = Debug|Any CPU
		{A6F9E8C7-B136-486D-AD71-7F04E7DE5FB6}.Debug|Any CPU.Build.0 = Debug|Any CPU
		{A6F9E8C7-B136-486D-AD71-7F04E7DE5FB6}.Release|Any CPU.ActiveCfg = Release|Any CPU
		{A6F9E8C7-B136-486D-AD71-7F04E7DE5FB6}.Release|Any CPU.Build.0 = Release|Any CPU
	EndGlobalSection
	GlobalSection(SolutionProperties) = preSolution
		HideSolutionNode = FALSE
	EndGlobalSection
	GlobalSection(ExtensibilityGlobals) = postSolution
		SolutionGuid = {5A0F71C5-272A-4095-8A94-608721235672}
	EndGlobalSection
EndGlobal
